
Microsoft Visual Studio Solution File, Format Version 12.00
# Visual Studio Version 16
VisualStudioVersion = 16.0.30204.135
MinimumVisualStudioVersion = 10.0.40219.1
Project("{FAE04EC0-301F-11D3-BF4B-00C04F79EFBC}") = "TabSpace", "TabSpace\TabSpace.csproj", "{65378B77-3DD3-4BBE-B069-684E32468110}"
EndProject
Project("{FAE04EC0-301F-11D3-BF4B-00C04F79EFBC}") = "TabSpace.Data", "TabSpace.Data\TabSpace.Data.csproj", "{C3C2EB02-2DD1-4AB7-B7EB-FB39214DF759}"
EndProject
Project("{FAE04EC0-301F-11D3-BF4B-00C04F79EFBC}") = "TabSpace.Core", "TabSpace.Core\TabSpace.Core.csproj", "{04395ACC-E3A8-427B-9C12-C9B5ECCC6ED6}"
EndProject
Global
	GlobalSection(SolutionConfigurationPlatforms) = preSolution
		Debug|Any CPU = Debug|Any CPU
		Release|Any CPU = Release|Any CPU
	EndGlobalSection
	GlobalSection(ProjectConfigurationPlatforms) = postSolution
		{65378B77-3DD3-4BBE-B069-684E32468110}.Debug|Any CPU.ActiveCfg = Debug|Any CPU
		{65378B77-3DD3-4BBE-B069-684E32468110}.Debug|Any CPU.Build.0 = Debug|Any CPU
		{65378B77-3DD3-4BBE-B069-684E32468110}.Release|Any CPU.ActiveCfg = Release|Any CPU
		{65378B77-3DD3-4BBE-B069-684E32468110}.Release|Any CPU.Build.0 = Release|Any CPU
		{C3C2EB02-2DD1-4AB7-B7EB-FB39214DF759}.Debug|Any CPU.ActiveCfg = Debug|Any CPU
		{C3C2EB02-2DD1-4AB7-B7EB-FB39214DF759}.Debug|Any CPU.Build.0 = Debug|Any CPU
		{C3C2EB02-2DD1-4AB7-B7EB-FB39214DF759}.Release|Any CPU.ActiveCfg = Release|Any CPU
		{C3C2EB02-2DD1-4AB7-B7EB-FB39214DF759}.Release|Any CPU.Build.0 = Release|Any CPU
		{04395ACC-E3A8-427B-9C12-C9B5ECCC6ED6}.Debug|Any CPU.ActiveCfg = Debug|Any CPU
		{04395ACC-E3A8-427B-9C12-C9B5ECCC6ED6}.Debug|Any CPU.Build.0 = Debug|Any CPU
		{04395ACC-E3A8-427B-9C12-C9B5ECCC6ED6}.Release|Any CPU.ActiveCfg = Release|Any CPU
		{04395ACC-E3A8-427B-9C12-C9B5ECCC6ED6}.Release|Any CPU.Build.0 = Release|Any CPU
	EndGlobalSection
	GlobalSection(SolutionProperties) = preSolution
		HideSolutionNode = FALSE
	EndGlobalSection
	GlobalSection(ExtensibilityGlobals) = postSolution
		SolutionGuid = {3DDDD198-7CF4-47CF-BEB4-427DFF182FFD}
	EndGlobalSection
EndGlobal
